<?xml version="1.0" encoding="UTF-8" standalone="yes" ?>
<CodeBlocks_project_file>
	<FileVersion major="1" minor="6" />
	<Project>
		<Option title="GLEngine" />
		<Option pch_mode="2" />
		<Option compiler="gcc" />
		<Build>
			<Target title="Debug">
				<Option output="bin/Debug/GLEngine" prefix_auto="1" extension_auto="1" />
				<Option working_dir="" />
				<Option object_output="obj/Debug/" />
				<Option type="2" />
				<Option compiler="gcc" />
				<Option createDefFile="1" />
				<Compiler>
					<Add option="-Wall" />
					<Add option="-std=c++14" />
					<Add option="-g" />
				</Compiler>
				<Linker>
					<Add option="-lSDL2" />
					<Add option="-lSDL2_ttf" />
					<Add option="-lSDL2_mixer" />
					<Add option="-lGL" />
					<Add option="-lGLEW" />
				</Linker>
			</Target>
			<Target title="Release">
				<Option output="bin/Release/GLEngine" prefix_auto="1" extension_auto="1" />
				<Option working_dir="" />
				<Option object_output="obj/Release/" />
				<Option type="2" />
				<Option compiler="gcc" />
				<Option createDefFile="1" />
				<Compiler>
					<Add option="-O2" />
					<Add option="-std=c++14" />
					<Add option="-Wall" />
				</Compiler>
				<Linker>
					<Add option="-s" />
					<Add option="-lSDL2" />
					<Add option="-lSDL2_ttf" />
					<Add option="-lSDL2_mixer" />
					<Add option="-lGL" />
					<Add option="-lGLEW" />
				</Linker>
			</Target>
		</Build>
		<Compiler>
			<Add option="-std=c++14" />
		</Compiler>
		<Linker>
			<Add option="-lSDL2" />
			<Add option="-lSDL2main" />
			<Add option="-lSDL2_ttf" />
			<Add option="-lSDL2_mixer" />
			<Add option="-lGL" />
			<Add option="-lGLEW" />
		</Linker>
		<Unit filename="AudioEngine.cpp" />
		<Unit filename="AudioEngine.h" />
		<Unit filename="Camera2D.cpp" />
		<Unit filename="Camera2D.h" />
		<Unit filename="DebugRenderer.cpp" />
		<Unit filename="DebugRenderer.h" />
		<Unit filename="GLEngine.cpp" />
		<Unit filename="GLEngine.h" />
		<Unit filename="GLEngineErrors.cpp" />
		<Unit filename="GLEngineErrors.h" />
		<Unit filename="GLEngineRandom.cpp" />
		<Unit filename="GLEngineRandom.h" />
		<Unit filename="GLSLProgram.cpp" />
		<Unit filename="GLSLProgram.h" />
		<Unit filename="GLTexture.h" />
		<Unit filename="GUI.cpp" />
		<Unit filename="GUI.h" />
		<Unit filename="IGameScreen.h" />
		<Unit filename="IMainGame.cpp" />
		<Unit filename="IMainGame.h" />
		<Unit filename="IOManager.cpp" />
		<Unit filename="IOManager.h" />
		<Unit filename="ImageLoader.cpp" />
		<Unit filename="ImageLoader.h" />
		<Unit filename="InputManager.cpp" />
		<Unit filename="InputManager.h" />
		<Unit filename="ParticleBatch2D.cpp" />
		<Unit filename="ParticleBatch2D.h" />
		<Unit filename="ParticleEngine2D.cpp" />
		<Unit filename="ParticleEngine2D.h" />
		<Unit filename="Physics.cpp" />
		<Unit filename="Physics.h" />
		<Unit filename="ResourceManager.cpp" />
		<Unit filename="ResourceManager.h" />
		<Unit filename="ScreenList.cpp" />
		<Unit filename="ScreenList.h" />
		<Unit filename="Sprite.cpp" />
		<Unit filename="Sprite.h" />
		<Unit filename="SpriteBatch.cpp" />
		<Unit filename="SpriteBatch.h" />
		<Unit filename="SpriteFont.cpp" />
		<Unit filename="SpriteFont.h" />
		<Unit filename="TextureCache.cpp" />
		<Unit filename="TextureCache.h" />
		<Unit filename="TileSheet.h" />
		<Unit filename="Timing.cpp" />
		<Unit filename="Timing.h" />
		<Unit filename="Vertex.h" />
		<Unit filename="Window.cpp" />
		<Unit filename="Window.h" />
		<Unit filename="picoPNG.cpp" />
		<Unit filename="picoPNG.h" />
		<Extensions>
			<code_completion />
			<debugger />
		</Extensions>
	</Project>
</CodeBlocks_project_file>
